# This file is autogenerated, do not edit; changes may be undone by the next 'dep ensure'.


[[projects]]
  digest = "1:25ebe6496abb289ef977c081b2d49f56dd97c32db4ca083d37f95923909ced02"
  name = "github.com/gorilla/mux"
  packages = ["."]
  pruneopts = "UT"
  revision = "75dcda0896e109a2a22c9315bca3bb21b87b2ba5"
  version = "v1.7.4"

[[projects]]
  branch = "master"
  digest = "1:757a6d09e4d8915631c5cdd8e3834ce7df99461549e6910d02edae3d37303121"
  name = "github.com/marceloagmelo/go-message-api"
  packages = ["variaveis"]
  pruneopts = "UT"
  revision = "6af690235c12fa434aae97cc578576e57504fa56"

[solve-meta]
  analyzer-name = "dep"
  analyzer-version = 1
  input-imports = [
    "github.com/gorilla/mux",
    "github.com/marceloagmelo/go-message-api/variaveis",
  ]
  solver-name = "gps-cdcl"
  solver-version = 1
